// !$*UTF8*$!
{
	archiveVersion = 1;
	classes = {
	};
	objectVersion = 46;
	objects = {

/* Begin PBXBuildFile section */
		11DD05331F3D54E10069E94D /* Json.swift in Sources */ = {isa = PBXBuildFile; fileRef = 11DD05321F3D54E10069E94D /* Json.swift */; };
		170825F61F3D4DE30039F236 /* UtilFramework.framework in Frameworks */ = {isa = PBXBuildFile; fileRef = 170825EC1F3D4DE30039F236 /* UtilFramework.framework */; };
		170825FB1F3D4DE30039F236 /* UtilFrameworkTests.swift in Sources */ = {isa = PBXBuildFile; fileRef = 170825FA1F3D4DE30039F236 /* UtilFrameworkTests.swift */; };
		170825FD1F3D4DE30039F236 /* UtilFramework.h in Headers */ = {isa = PBXBuildFile; fileRef = 170825EF1F3D4DE30039F236 /* UtilFramework.h */; settings = {ATTRIBUTES = (Public, ); }; };
		A70E047B378B6002075DC77C /* Pods_UtilFramework.framework in Frameworks */ = {isa = PBXBuildFile; fileRef = 62A26C224EF09DD4CCDB232F /* Pods_UtilFramework.framework */; };
/* End PBXBuildFile section */

/* Begin PBXContainerItemProxy section */
		170825F71F3D4DE30039F236 /* PBXContainerItemProxy */ = {
			isa = PBXContainerItemProxy;
			containerPortal = 170825E31F3D4DE30039F236 /* Project object */;
			proxyType = 1;
			remoteGlobalIDString = 170825EB1F3D4DE30039F236;
			remoteInfo = UtilFramework;
		};
/* End PBXContainerItemProxy section */

/* Begin PBXFileReference section */
		11DD05321F3D54E10069E94D /* Json.swift */ = {isa = PBXFileReference; fileEncoding = 4; lastKnownFileType = sourcecode.swift; path = Json.swift; sourceTree = "<group>"; };
		170825EC1F3D4DE30039F236 /* UtilFramework.framework */ = {isa = PBXFileReference; explicitFileType = wrapper.framework; includeInIndex = 0; path = UtilFramework.framework; sourceTree = BUILT_PRODUCTS_DIR; };
		170825EF1F3D4DE30039F236 /* UtilFramework.h */ = {isa = PBXFileReference; lastKnownFileType = sourcecode.c.h; path = UtilFramework.h; sourceTree = "<group>"; };
		170825F01F3D4DE30039F236 /* Info.plist */ = {isa = PBXFileReference; lastKnownFileType = text.plist.xml; path = Info.plist; sourceTree = "<group>"; };
		170825F51F3D4DE30039F236 /* UtilFrameworkTests.xctest */ = {isa = PBXFileReference; explicitFileType = wrapper.cfbundle; includeInIndex = 0; path = UtilFrameworkTests.xctest; sourceTree = BUILT_PRODUCTS_DIR; };
		170825FA1F3D4DE30039F236 /* UtilFrameworkTests.swift */ = {isa = PBXFileReference; lastKnownFileType = sourcecode.swift; path = UtilFrameworkTests.swift; sourceTree = "<group>"; };
		170825FC1F3D4DE30039F236 /* Info.plist */ = {isa = PBXFileReference; lastKnownFileType = text.plist.xml; path = Info.plist; sourceTree = "<group>"; };
		62A26C224EF09DD4CCDB232F /* Pods_UtilFramework.framework */ = {isa = PBXFileReference; explicitFileType = wrapper.framework; includeInIndex = 0; path = Pods_UtilFramework.framework; sourceTree = BUILT_PRODUCTS_DIR; };
		BC28EBD0586D83C4ECDB9C6C /* Pods-UtilFramework.release.xcconfig */ = {isa = PBXFileReference; includeInIndex = 1; lastKnownFileType = text.xcconfig; name = "Pods-UtilFramework.release.xcconfig"; path = "../Pods/Target Support Files/Pods-UtilFramework/Pods-UtilFramework.release.xcconfig"; sourceTree = "<group>"; };
		F6B04233E72FD2DAFD87DC04 /* Pods-UtilFramework.debug.xcconfig */ = {isa = PBXFileReference; includeInIndex = 1; lastKnownFileType = text.xcconfig; name = "Pods-UtilFramework.debug.xcconfig"; path = "../Pods/Target Support Files/Pods-UtilFramework/Pods-UtilFramework.debug.xcconfig"; sourceTree = "<group>"; };
/* End PBXFileReference section */

/* Begin PBXFrameworksBuildPhase section */
		170825E81F3D4DE30039F236 /* Frameworks */ = {
			isa = PBXFrameworksBuildPhase;
			buildActionMask = 2147483647;
			files = (
				A70E047B378B6002075DC77C /* Pods_UtilFramework.framework in Frameworks */,
			);
			runOnlyForDeploymentPostprocessing = 0;
		};
		170825F21F3D4DE30039F236 /* Frameworks */ = {
			isa = PBXFrameworksBuildPhase;
			buildActionMask = 2147483647;
			files = (
				170825F61F3D4DE30039F236 /* UtilFramework.framework in Frameworks */,
			);
			runOnlyForDeploymentPostprocessing = 0;
		};
/* End PBXFrameworksBuildPhase section */

/* Begin PBXGroup section */
		0CD1E7C7CD9B835BEE95B891 /* Frameworks */ = {
			isa = PBXGroup;
			children = (
				62A26C224EF09DD4CCDB232F /* Pods_UtilFramework.framework */,
			);
			name = Frameworks;
			sourceTree = "<group>";
		};
		11DD05311F3D54D30069E94D /* Helpers */ = {
			isa = PBXGroup;
			children = (
				11DD05321F3D54E10069E94D /* Json.swift */,
			);
			path = Helpers;
			sourceTree = "<group>";
		};
		170825E21F3D4DE30039F236 = {
			isa = PBXGroup;
			children = (
				170825EE1F3D4DE30039F236 /* UtilFramework */,
				170825F91F3D4DE30039F236 /* UtilFrameworkTests */,
				170825ED1F3D4DE30039F236 /* Products */,
				F202BACCBB7892A290C97D15 /* Pods */,
				0CD1E7C7CD9B835BEE95B891 /* Frameworks */,
			);
			sourceTree = "<group>";
		};
		170825ED1F3D4DE30039F236 /* Products */ = {
			isa = PBXGroup;
			children = (
				170825EC1F3D4DE30039F236 /* UtilFramework.framework */,
				170825F51F3D4DE30039F236 /* UtilFrameworkTests.xctest */,
			);
			name = Products;
			sourceTree = "<group>";
		};
		170825EE1F3D4DE30039F236 /* UtilFramework */ = {
			isa = PBXGroup;
			children = (
				11DD05311F3D54D30069E94D /* Helpers */,
				170825EF1F3D4DE30039F236 /* UtilFramework.h */,
				170825F01F3D4DE30039F236 /* Info.plist */,
			);
			path = UtilFramework;
			sourceTree = "<group>";
		};
		170825F91F3D4DE30039F236 /* UtilFrameworkTests */ = {
			isa = PBXGroup;
			children = (
				170825FA1F3D4DE30039F236 /* UtilFrameworkTests.swift */,
				170825FC1F3D4DE30039F236 /* Info.plist */,
			);
			path = UtilFrameworkTests;
			sourceTree = "<group>";
		};
		F202BACCBB7892A290C97D15 /* Pods */ = {
			isa = PBXGroup;
			children = (
				F6B04233E72FD2DAFD87DC04 /* Pods-UtilFramework.debug.xcconfig */,
				BC28EBD0586D83C4ECDB9C6C /* Pods-UtilFramework.release.xcconfig */,
			);
			name = Pods;
			sourceTree = "<group>";
		};
/* End PBXGroup section */

/* Begin PBXHeadersBuildPhase section */
		170825E91F3D4DE30039F236 /* Headers */ = {
			isa = PBXHeadersBuildPhase;
			buildActionMask = 2147483647;
			files = (
				170825FD1F3D4DE30039F236 /* UtilFramework.h in Headers */,
			);
			runOnlyForDeploymentPostprocessing = 0;
		};
/* End PBXHeadersBuildPhase section */

/* Begin PBXNativeTarget section */
		170825EB1F3D4DE30039F236 /* UtilFramework */ = {
			isa = PBXNativeTarget;
			buildConfigurationList = 170826001F3D4DE30039F236 /* Build configuration list for PBXNativeTarget "UtilFramework" */;
			buildPhases = (
				1943A3F8866FBC7EF9011837 /* [CP] Check Pods Manifest.lock */,
				170825E71F3D4DE30039F236 /* Sources */,
				170825E81F3D4DE30039F236 /* Frameworks */,
				170825E91F3D4DE30039F236 /* Headers */,
				170825EA1F3D4DE30039F236 /* Resources */,
				FF643C0814C1B033935D7AA9 /* [CP] Copy Pods Resources */,
			);
			buildRules = (
			);
			dependencies = (
			);
			name = UtilFramework;
			productName = UtilFramework;
			productReference = 170825EC1F3D4DE30039F236 /* UtilFramework.framework */;
			productType = "com.apple.product-type.framework";
		};
		170825F41F3D4DE30039F236 /* UtilFrameworkTests */ = {
			isa = PBXNativeTarget;
			buildConfigurationList = 170826031F3D4DE30039F236 /* Build configuration list for PBXNativeTarget "UtilFrameworkTests" */;
			buildPhases = (
				170825F11F3D4DE30039F236 /* Sources */,
				170825F21F3D4DE30039F236 /* Frameworks */,
				170825F31F3D4DE30039F236 /* Resources */,
			);
			buildRules = (
			);
			dependencies = (
				170825F81F3D4DE30039F236 /* PBXTargetDependency */,
			);
			name = UtilFrameworkTests;
			productName = UtilFrameworkTests;
			productReference = 170825F51F3D4DE30039F236 /* UtilFrameworkTests.xctest */;
			productType = "com.apple.product-type.bundle.unit-test";
		};
/* End PBXNativeTarget section */

/* Begin PBXProject section */
		170825E31F3D4DE30039F236 /* Project object */ = {
			isa = PBXProject;
			attributes = {
				LastSwiftUpdateCheck = 0830;
				LastUpgradeCheck = 0830;
				ORGANIZATIONNAME = TQMac;
				TargetAttributes = {
					170825EB1F3D4DE30039F236 = {
						CreatedOnToolsVersion = 8.3.3;
						DevelopmentTeam = 362JF5A4QL;
						LastSwiftMigration = 0830;
						ProvisioningStyle = Automatic;
					};
					170825F41F3D4DE30039F236 = {
						CreatedOnToolsVersion = 8.3.3;
						DevelopmentTeam = 362JF5A4QL;
						ProvisioningStyle = Automatic;
					};
				};
			};
			buildConfigurationList = 170825E61F3D4DE30039F236 /* Build configuration list for PBXProject "UtilFramework" */;
			compatibilityVersion = "Xcode 3.2";
			developmentRegion = English;
			hasScannedForEncodings = 0;
			knownRegions = (
				en,
			);
			mainGroup = 170825E21F3D4DE30039F236;
			productRefGroup = 170825ED1F3D4DE30039F236 /* Products */;
			projectDirPath = "";
			projectRoot = "";
			targets = (
				170825EB1F3D4DE30039F236 /* UtilFramework */,
				170825F41F3D4DE30039F236 /* UtilFrameworkTests */,
			);
		};
/* End PBXProject section */

/* Begin PBXResourcesBuildPhase section */
		170825EA1F3D4DE30039F236 /* Resources */ = {
			isa = PBXResourcesBuildPhase;
			buildActionMask = 2147483647;
			files = (
			);
			runOnlyForDeploymentPostprocessing = 0;
		};
		170825F31F3D4DE30039F236 /* Resources */ = {
			isa = PBXResourcesBuildPhase;
			buildActionMask = 2147483647;
			files = (
			);
			runOnlyForDeploymentPostprocessing = 0;
		};
/* End PBXResourcesBuildPhase section */

/* Begin PBXShellScriptBuildPhase section */
		1943A3F8866FBC7EF9011837 /* [CP] Check Pods Manifest.lock */ = {
			isa = PBXShellScriptBuildPhase;
			buildActionMask = 2147483647;
			files = (
			);
			inputPaths = (
				"${PODS_PODFILE_DIR_PATH}/Podfile.lock",
				"${PODS_ROOT}/Manifest.lock",
			);
			name = "[CP] Check Pods Manifest.lock";
			outputPaths = (
				"$(DERIVED_FILE_DIR)/Pods-UtilFramework-checkManifestLockResult.txt",
			);
			runOnlyForDeploymentPostprocessing = 0;
			shellPath = /bin/sh;
			shellScript = "diff \"${PODS_PODFILE_DIR_PATH}/Podfile.lock\" \"${PODS_ROOT}/Manifest.lock\" > /dev/null\nif [ $? != 0 ] ; then\n    # print error to STDERR\n    echo \"error: The sandbox is not in sync with the Podfile.lock. Run 'pod install' or update your CocoaPods installation.\" >&2\n    exit 1\nfi\n# This output is used by Xcode 'outputs' to avoid re-running this script phase.\necho \"SUCCESS\" > \"${SCRIPT_OUTPUT_FILE_0}\"\n";
			showEnvVarsInLog = 0;
		};
		FF643C0814C1B033935D7AA9 /* [CP] Copy Pods Resources */ = {
			isa = PBXShellScriptBuildPhase;
			buildActionMask = 2147483647;
			files = (
			);
			inputPaths = (
			);
			name = "[CP] Copy Pods Resources";
			outputPaths = (
			);
			runOnlyForDeploymentPostprocessing = 0;
			shellPath = /bin/sh;
			shellScript = "\"${SRCROOT}/../Pods/Target Support Files/Pods-UtilFramework/Pods-UtilFramework-resources.sh\"\n";
			showEnvVarsInLog = 0;
		};
/* End PBXShellScriptBuildPhase section */

/* Begin PBXSourcesBuildPhase section */
		170825E71F3D4DE30039F236 /* Sources */ = {
			isa = PBXSourcesBuildPhase;
			buildActionMask = 2147483647;
			files = (
				11DD05331F3D54E10069E94D /* Json.swift in Sources */,
			);
			runOnlyForDeploymentPostprocessing = 0;
		};
		170825F11F3D4DE30039F236 /* Sources */ = {
			isa = PBXSourcesBuildPhase;
			buildActionMask = 2147483647;
			files = (
				170825FB1F3D4DE30039F236 /* UtilFrameworkTests.swift in Sources */,
			);
			runOnlyForDeploymentPostprocessing = 0;
		};
/* End PBXSourcesBuildPhase section */

/* Begin PBXTargetDependency section */
		170825F81F3D4DE30039F236 /* PBXTargetDependency */ = {
			isa = PBXTargetDependency;
			target = 170825EB1F3D4DE30039F236 /* UtilFramework */;
			targetProxy = 170825F71F3D4DE30039F236 /* PBXContainerItemProxy */;
		};
/* End PBXTargetDependency section */

/* Begin XCBuildConfiguration section */
		170825FE1F3D4DE30039F236 /* Debug */ = {
			isa = XCBuildConfiguration;
			buildSettings = {
				ALWAYS_SEARCH_USER_PATHS = NO;
				CLANG_ANALYZER_NONNULL = YES;
				CLANG_ANALYZER_NUMBER_OBJECT_CONVERSION = YES_AGGRESSIVE;
				CLANG_CXX_LANGUAGE_STANDARD = "gnu++0x";
				CLANG_CXX_LIBRARY = "libc++";
				CLANG_ENABLE_MODULES = YES;
				CLANG_ENABLE_OBJC_ARC = YES;
				CLANG_WARN_BOOL_CONVERSION = YES;
				CLANG_WARN_CONSTANT_CONVERSION = YES;
				CLANG_WARN_DIRECT_OBJC_ISA_USAGE = YES_ERROR;
				CLANG_WARN_DOCUMENTATION_COMMENTS = YES;
				CLANG_WARN_EMPTY_BODY = YES;
				CLANG_WARN_ENUM_CONVERSION = YES;
				CLANG_WARN_INFINITE_RECURSION = YES;
				CLANG_WARN_INT_CONVERSION = YES;
				CLANG_WARN_OBJC_ROOT_CLASS = YES_ERROR;
				CLANG_WARN_SUSPICIOUS_MOVE = YES;
				CLANG_WARN_UNREACHABLE_CODE = YES;
				CLANG_WARN__DUPLICATE_METHOD_MATCH = YES;
				"CODE_SIGN_IDENTITY[sdk=iphoneos*]" = "iPhone Developer";
				COPY_PHASE_STRIP = NO;
				CURRENT_PROJECT_VERSION = 1;
				DEBUG_INFORMATION_FORMAT = dwarf;
				ENABLE_STRICT_OBJC_MSGSEND = YES;
				ENABLE_TESTABILITY = YES;
				GCC_C_LANGUAGE_STANDARD = gnu99;
				GCC_DYNAMIC_NO_PIC = NO;
				GCC_NO_COMMON_BLOCKS = YES;
				GCC_OPTIMIZATION_LEVEL = 0;
				GCC_PREPROCESSOR_DEFINITIONS = (
					"DEBUG=1",
					"$(inherited)",
				);
				GCC_WARN_64_TO_32_BIT_CONVERSION = YES;
				GCC_WARN_ABOUT_RETURN_TYPE = YES_ERROR;
				GCC_WARN_UNDECLARED_SELECTOR = YES;
				GCC_WARN_UNINITIALIZED_AUTOS = YES_AGGRESSIVE;
				GCC_WARN_UNUSED_FUNCTION = YES;
				GCC_WARN_UNUSED_VARIABLE = YES;
				IPHONEOS_DEPLOYMENT_TARGET = 10.3;
				MTL_ENABLE_DEBUG_INFO = YES;
				ONLY_ACTIVE_ARCH = YES;
				SDKROOT = iphoneos;
				SWIFT_ACTIVE_COMPILATION_CONDITIONS = DEBUG;
				SWIFT_OPTIMIZATION_LEVEL = "-Onone";
				TARGETED_DEVICE_FAMILY = "1,2";
				VERSIONING_SYSTEM = "apple-generic";
				VERSION_INFO_PREFIX = "";
			};
			name = Debug;
		};
		170825FF1F3D4DE30039F236 /* Release */ = {
			isa = XCBuildConfiguration;
			buildSettings = {
				ALWAYS_SEARCH_USER_PATHS = NO;
				CLANG_ANALYZER_NONNULL = YES;
				CLANG_ANALYZER_NUMBER_OBJECT_CONVERSION = YES_AGGRESSIVE;
				CLANG_CXX_LANGUAGE_STANDARD = "gnu++0x";
				CLANG_CXX_LIBRARY = "libc++";
				CLANG_ENABLE_MODULES = YES;
				CLANG_ENABLE_OBJC_ARC = YES;
				CLANG_WARN_BOOL_CONVERSION = YES;
				CLANG_WARN_CONSTANT_CONVERSION = YES;
				CLANG_WARN_DIRECT_OBJC_ISA_USAGE = YES_ERROR;
				CLANG_WARN_DOCUMENTATION_COMMENTS = YES;
				CLANG_WARN_EMPTY_BODY = YES;
				CLANG_WARN_ENUM_CONVERSION = YES;
				CLANG_WARN_INFINITE_RECURSION = YES;
				CLANG_WARN_INT_CONVERSION = YES;
				CLANG_WARN_OBJC_ROOT_CLASS = YES_ERROR;
				CLANG_WARN_SUSPICIOUS_MOVE = YES;
				CLANG_WARN_UNREACHABLE_CODE = YES;
				CLANG_WARN__DUPLICATE_METHOD_MATCH = YES;
				"CODE_SIGN_IDENTITY[sdk=iphoneos*]" = "iPhone Developer";
				COPY_PHASE_STRIP = NO;
				CURRENT_PROJECT_VERSION = 1;
				DEBUG_INFORMATION_FORMAT = "dwarf-with-dsym";
				ENABLE_NS_ASSERTIONS = NO;
				ENABLE_STRICT_OBJC_MSGSEND = YES;
				GCC_C_LANGUAGE_STANDARD = gnu99;
				GCC_NO_COMMON_BLOCKS = YES;
				GCC_WARN_64_TO_32_BIT_CONVERSION = YES;
				GCC_WARN_ABOUT_RETURN_TYPE = YES_ERROR;
				GCC_WARN_UNDECLARED_SELECTOR = YES;
				GCC_WARN_UNINITIALIZED_AUTOS = YES_AGGRESSIVE;
				GCC_WARN_UNUSED_FUNCTION = YES;
				GCC_WARN_UNUSED_VARIABLE = YES;
				IPHONEOS_DEPLOYMENT_TARGET = 10.3;
				MTL_ENABLE_DEBUG_INFO = NO;
				SDKROOT = iphoneos;
				SWIFT_OPTIMIZATION_LEVEL = "-Owholemodule";
				TARGETED_DEVICE_FAMILY = "1,2";
				VALIDATE_PRODUCT = YES;
				VERSIONING_SYSTEM = "apple-generic";
				VERSION_INFO_PREFIX = "";
			};
			name = Release;
		};
		170826011F3D4DE30039F236 /* Debug */ = {
			isa = XCBuildConfiguration;
			baseConfigurationReference = F6B04233E72FD2DAFD87DC04 /* Pods-UtilFramework.debug.xcconfig */;
			buildSettings = {
				CLANG_ENABLE_MODULES = YES;
				CODE_SIGN_IDENTITY = "";
				DEFINES_MODULE = YES;
				DEVELOPMENT_TEAM = 362JF5A4QL;
				DYLIB_COMPATIBILITY_VERSION = 1;
				DYLIB_CURRENT_VERSION = 1;
				DYLIB_INSTALL_NAME_BASE = "@rpath";
				INFOPLIST_FILE = UtilFramework/Info.plist;
				INSTALL_PATH = "$(LOCAL_LIBRARY_DIR)/Frameworks";
				LD_RUNPATH_SEARCH_PATHS = "$(inherited) @executable_path/Frameworks @loader_path/Frameworks";
				PRODUCT_BUNDLE_IDENTIFIER = com.taqigs.UtilFramework;
				PRODUCT_NAME = "$(TARGET_NAME)";
				SKIP_INSTALL = YES;
				SWIFT_OPTIMIZATION_LEVEL = "-Onone";
				SWIFT_VERSION = 3.0;
			};
			name = Debug;
		};
		170826021F3D4DE30039F236 /* Release */ = {
			isa = XCBuildConfiguration;
			baseConfigurationReference = BC28EBD0586D83C4ECDB9C6C /* Pods-UtilFramework.release.xcconfig */;
			buildSettings = {
				CLANG_ENABLE_MODULES = YES;
				CODE_SIGN_IDENTITY = "";
				DEFINES_MODULE = YES;
				DEVELOPMENT_TEAM = 362JF5A4QL;
				DYLIB_COMPATIBILITY_VERSION = 1;
				DYLIB_CURRENT_VERSION = 1;
				DYLIB_INSTALL_NAME_BASE = "@rpath";
				INFOPLIST_FILE = UtilFramework/Info.plist;
				INSTALL_PATH = "$(LOCAL_LIBRARY_DIR)/Frameworks";
				LD_RUNPATH_SEARCH_PATHS = "$(inherited) @executable_path/Frameworks @loader_path/Frameworks";
				PRODUCT_BUNDLE_IDENTIFIER = com.taqigs.UtilFramework;
				PRODUCT_NAME = "$(TARGET_NAME)";
				SKIP_INSTALL = YES;
				SWIFT_VERSION = 3.0;
			};
			name = Release;
		};
		170826041F3D4DE30039F236 /* Debug */ = {
			isa = XCBuildConfiguration;
			buildSettings = {
				ALWAYS_EMBED_SWIFT_STANDARD_LIBRARIES = YES;
				DEVELOPMENT_TEAM = 362JF5A4QL;
				INFOPLIST_FILE = UtilFrameworkTests/Info.plist;
				LD_RUNPATH_SEARCH_PATHS = "$(inherited) @executable_path/Frameworks @loader_path/Frameworks";
				PRODUCT_BUNDLE_IDENTIFIER = com.taqigs.UtilFrameworkTests;
				PRODUCT_NAME = "$(TARGET_NAME)";
				SWIFT_VERSION = 3.0;
			};
			name = Debug;
		};
		170826051F3D4DE30039F236 /* Release */ = {
			isa = XCBuildConfiguration;
			buildSettings = {
				ALWAYS_EMBED_SWIFT_STANDARD_LIBRARIES = YES;
				DEVELOPMENT_TEAM = 362JF5A4QL;
				INFOPLIST_FILE = UtilFrameworkTests/Info.plist;
				LD_RUNPATH_SEARCH_PATHS = "$(inherited) @executable_path/Frameworks @loader_path/Frameworks";
				PRODUCT_BUNDLE_IDENTIFIER = com.taqigs.UtilFrameworkTests;
				PRODUCT_NAME = "$(TARGET_NAME)";
				SWIFT_VERSION = 3.0;
			};
			name = Release;
		};
/* End XCBuildConfiguration section */

/* Begin XCConfigurationList section */
		170825E61F3D4DE30039F236 /* Build configuration list for PBXProject "UtilFramework" */ = {
			isa = XCConfigurationList;
			buildConfigurations = (
				170825FE1F3D4DE30039F236 /* Debug */,
				170825FF1F3D4DE30039F236 /* Release */,
			);
			defaultConfigurationIsVisible = 0;
			defaultConfigurationName = Release;
		};
		170826001F3D4DE30039F236 /* Build configuration list for PBXNativeTarget "UtilFramework" */ = {
			isa = XCConfigurationList;
			buildConfigurations = (
				170826011F3D4DE30039F236 /* Debug */,
				170826021F3D4DE30039F236 /* Release */,
			);
			defaultConfigurationIsVisible = 0;
			defaultConfigurationName = Release;
		};
		170826031F3D4DE30039F236 /* Build configuration list for PBXNativeTarget "UtilFrameworkTests" */ = {
			isa = XCConfigurationList;
			buildConfigurations = (
				170826041F3D4DE30039F236 /* Debug */,
				170826051F3D4DE30039F236 /* Release */,
			);
			defaultConfigurationIsVisible = 0;
			defaultConfigurationName = Release;
		};
/* End XCConfigurationList section */
	};
	rootObject = 170825E31F3D4DE30039F236 /* Project object */;
}
